PODS:
  - MBProgressHUD (1.2.0)

DEPENDENCIES:
  - MBProgressHUD

SPEC REPOS:
  https://mirrors.tuna.tsinghua.edu.cn/git/CocoaPods/Specs.git:
    - MBProgressHUD

SPEC CHECKSUMS:
  MBProgressHUD: 3ee5efcc380f6a79a7cc9b363dd669c5e1ae7406

PODFILE CHECKSUM: 6295401772e6e372685d3059fb8c2c0840aab7ef

COCOAPODS: 1.12.1
